
Microsoft Visual Studio Solution File, Format Version 12.00
Project("{FAE04EC0-301F-11D3-BF4B-00C04F79EFBC}") = "PlayerGuide", "PlayerGuide\PlayerGuide.csproj", "{7D5CFB9D-C054-4F4D-B93E-AB444C38EC5D}"
EndProject
Global
	GlobalSection(SolutionConfigurationPlatforms) = preSolution
		Debug|Any CPU = Debug|Any CPU
		Release|Any CPU = Release|Any CPU
	EndGlobalSection
	GlobalSection(ProjectConfigurationPlatforms) = postSolution
		{7D5CFB9D-C054-4F4D-B93E-AB444C38EC5D}.Debug|Any CPU.ActiveCfg = Debug|Any CPU
		{7D5CFB9D-C054-4F4D-B93E-AB444C38EC5D}.Debug|Any CPU.Build.0 = Debug|Any CPU
		{7D5CFB9D-C054-4F4D-B93E-AB444C38EC5D}.Release|Any CPU.ActiveCfg = Release|Any CPU
		{7D5CFB9D-C054-4F4D-B93E-AB444C38EC5D}.Release|Any CPU.Build.0 = Release|Any CPU
	EndGlobalSection
EndGlobal
